<?xml version="1.0" encoding="utf-8"?>
<Project ToolsVersion="4.0" xmlns="http://schemas.microsoft.com/developer/msbuild/2003">
  <ItemGroup>
    <Filter Include="ソース ファイル">
      <UniqueIdentifier>{4FC737F1-C7A5-4376-A066-2A32D752A2FF}</UniqueIdentifier>
      <Extensions>cpp;c;cc;cxx;c++;cppm;ixx;def;odl;idl;hpj;bat;asm;asmx</Extensions>
    </Filter>
    <Filter Include="ヘッダー ファイル">
      <UniqueIdentifier>{93995380-89BD-4b04-88EB-625FBE52EBFB}</UniqueIdentifier>
      <Extensions>h;hh;hpp;hxx;h++;hm;inl;inc;ipp;xsd</Extensions>
    </Filter>
    <Filter Include="リソース ファイル">
      <UniqueIdentifier>{67DA6AB6-F800-4c08-8B7A-83BB121AAD01}</UniqueIdentifier>
      <Extensions>rc;ico;cur;bmp;dlg;rc2;rct;bin;rgs;gif;jpg;jpeg;jpe;resx;tiff;tif;png;wav;mfcribbon-ms</Extensions>
    </Filter>
    <Filter Include="ソース ファイル\animation">
      <UniqueIdentifier>{2489da15-30c9-4d5e-a3c5-e6b3aaa96676}</UniqueIdentifier>
    </Filter>
    <Filter Include="ヘッダー ファイル\animation">
      <UniqueIdentifier>{0ea54555-0a1a-4e7d-ad8c-0eaeaf384a16}</UniqueIdentifier>
    </Filter>
    <Filter Include="ソース ファイル\sound">
      <UniqueIdentifier>{22190294-16bf-4843-8ff6-4ae2d5c7ce26}</UniqueIdentifier>
    </Filter>
    <Filter Include="ヘッダー ファイル\sound">
      <UniqueIdentifier>{79eee1bf-06ab-4b7e-87ce-bcac95de2f98}</UniqueIdentifier>
    </Filter>
    <Filter Include="ヘッダー ファイル\screen">
      <UniqueIdentifier>{086e7d7e-fda4-4a73-a196-63707437447d}</UniqueIdentifier>
    </Filter>
    <Filter Include="ソース ファイル\screen">
      <UniqueIdentifier>{29114613-926f-4e72-b17e-c30869f9502c}</UniqueIdentifier>
    </Filter>
    <Filter Include="ソース ファイル\enemy">
      <UniqueIdentifier>{eb03490b-43fd-4c0a-91db-39f03d0e9099}</UniqueIdentifier>
    </Filter>
    <Filter Include="ヘッダー ファイル\enemy">
      <UniqueIdentifier>{9cd77d68-d3af-4113-a274-3bcdb893a190}</UniqueIdentifier>
    </Filter>
    <Filter Include="ソース ファイル\player">
      <UniqueIdentifier>{516127fd-c203-4d3b-a665-6bcc9d9257fb}</UniqueIdentifier>
    </Filter>
    <Filter Include="ヘッダー ファイル\player">
      <UniqueIdentifier>{96257de9-cc17-4e23-8296-afb7edb862a4}</UniqueIdentifier>
    </Filter>
    <Filter Include="ヘッダー ファイル\score">
      <UniqueIdentifier>{3826b363-8431-4ab7-b8fb-5edb71585544}</UniqueIdentifier>
    </Filter>
    <Filter Include="ソース ファイル\input">
      <UniqueIdentifier>{641e3e12-7946-4597-b6de-e5b03a339c0c}</UniqueIdentifier>
    </Filter>
    <Filter Include="ヘッダー ファイル\input">
      <UniqueIdentifier>{5b74ed34-c032-4889-bba9-2bb44ece5250}</UniqueIdentifier>
    </Filter>
    <Filter Include="ソース ファイル\world">
      <UniqueIdentifier>{69ac3b0a-0667-4602-9644-86d527961683}</UniqueIdentifier>
    </Filter>
    <Filter Include="ヘッダー ファイル\world">
      <UniqueIdentifier>{dd264be4-1401-4e14-a03f-390465c58db2}</UniqueIdentifier>
    </Filter>
    <Filter Include="ソース ファイル\common">
      <UniqueIdentifier>{fc9f9601-9272-4a86-a2a4-ef1c9d02a156}</UniqueIdentifier>
    </Filter>
    <Filter Include="ヘッダー ファイル\common">
      <UniqueIdentifier>{8bd7d3b6-6cd9-4c38-8766-ed5a3027742a}</UniqueIdentifier>
    </Filter>
  </ItemGroup>
  <ItemGroup>
    <ClCompile Include="main.cpp">
      <Filter>ソース ファイル</Filter>
    </ClCompile>
    <ClCompile Include="App.cpp">
      <Filter>ソース ファイル</Filter>
    </ClCompile>
    <ClCompile Include="Rect.cpp">
      <Filter>ソース ファイル</Filter>
    </ClCompile>
    <ClCompile Include="Texture.cpp">
      <Filter>ソース ファイル</Filter>
    </ClCompile>
    <ClCompile Include="TextureManager.cpp">
      <Filter>ソース ファイル</Filter>
    </ClCompile>
    <ClCompile Include="Sprite.cpp">
      <Filter>ソース ファイル</Filter>
    </ClCompile>
    <ClCompile Include="animation\Animation.cpp">
      <Filter>ソース ファイル\animation</Filter>
    </ClCompile>
    <ClCompile Include="animation\AnimationController.cpp">
      <Filter>ソース ファイル\animation</Filter>
    </ClCompile>
    <ClCompile Include="sound\audio.cpp">
      <Filter>ソース ファイル\sound</Filter>
    </ClCompile>
    <ClCompile Include="sound\Channel.cpp">
      <Filter>ソース ファイル\sound</Filter>
    </ClCompile>
    <ClCompile Include="sound\Wave.cpp">
      <Filter>ソース ファイル\sound</Filter>
    </ClCompile>
    <ClCompile Include="sound\Sound.cpp">
      <Filter>ソース ファイル\sound</Filter>
    </ClCompile>
    <ClCompile Include="sound\Music.cpp">
      <Filter>ソース ファイル\sound</Filter>
    </ClCompile>
    <ClCompile Include="screen\GoodbyeOocfuuScreen.cpp">
      <Filter>ソース ファイル\screen</Filter>
    </ClCompile>
    <ClCompile Include="screen\TpScreen.cpp">
      <Filter>ソース ファイル\screen</Filter>
    </ClCompile>
    <ClCompile Include="screen\TitleScreen.cpp">
      <Filter>ソース ファイル\screen</Filter>
    </ClCompile>
    <ClCompile Include="screen\MainScreen.cpp">
      <Filter>ソース ファイル\screen</Filter>
    </ClCompile>
    <ClCompile Include="enemy\Kuribo.cpp">
      <Filter>ソース ファイル\enemy</Filter>
    </ClCompile>
    <ClCompile Include="screen\HbdScreen.cpp">
      <Filter>ソース ファイル\screen</Filter>
    </ClCompile>
    <ClCompile Include="screen\IntroScreen.cpp">
      <Filter>ソース ファイル\screen</Filter>
    </ClCompile>
    <ClCompile Include="player\Player.cpp">
      <Filter>ソース ファイル\player</Filter>
    </ClCompile>
    <ClCompile Include="player\PlayerStateContext.cpp">
      <Filter>ソース ファイル\player</Filter>
    </ClCompile>
    <ClCompile Include="player\PlayerStateIdle.cpp">
      <Filter>ソース ファイル\player</Filter>
    </ClCompile>
    <ClCompile Include="player\PlayerStateJump.cpp">
      <Filter>ソース ファイル\player</Filter>
    </ClCompile>
    <ClCompile Include="player\PlayerStateRun.cpp">
      <Filter>ソース ファイル\player</Filter>
    </ClCompile>
    <ClCompile Include="player\PlayerStateDie.cpp">
      <Filter>ソース ファイル\player</Filter>
    </ClCompile>
    <ClCompile Include="enemy\EnemyManager.cpp">
      <Filter>ソース ファイル\enemy</Filter>
    </ClCompile>
    <ClCompile Include="player\PlayerStateGoal.cpp">
      <Filter>ソース ファイル\player</Filter>
    </ClCompile>
    <ClCompile Include="enemy\Koopa.cpp">
      <Filter>ソース ファイル\enemy</Filter>
    </ClCompile>
    <ClCompile Include="input\Keyboard.cpp">
      <Filter>ソース ファイル\input</Filter>
    </ClCompile>
    <ClCompile Include="input\Mouse.cpp">
      <Filter>ソース ファイル\input</Filter>
    </ClCompile>
    <ClCompile Include="world\GimmickPart.cpp">
      <Filter>ソース ファイル\world</Filter>
    </ClCompile>
    <ClCompile Include="world\Lift.cpp">
      <Filter>ソース ファイル\world</Filter>
    </ClCompile>
    <ClCompile Include="world\Firebar.cpp">
      <Filter>ソース ファイル\world</Filter>
    </ClCompile>
    <ClCompile Include="world\Firework.cpp">
      <Filter>ソース ファイル\world</Filter>
    </ClCompile>
    <ClCompile Include="enemy\Nokonoko.cpp">
      <Filter>ソース ファイル\enemy</Filter>
    </ClCompile>
    <ClCompile Include="Collision.cpp">
      <Filter>ソース ファイル</Filter>
    </ClCompile>
    <ClCompile Include="ScoreText.cpp">
      <Filter>ソース ファイル</Filter>
    </ClCompile>
    <ClCompile Include="GameTimer.cpp">
      <Filter>ソース ファイル</Filter>
    </ClCompile>
    <ClCompile Include="world\Course.cpp">
      <Filter>ソース ファイル\world</Filter>
    </ClCompile>
    <ClCompile Include="world\Part.cpp">
      <Filter>ソース ファイル\world</Filter>
    </ClCompile>
    <ClCompile Include="player\PlayerStateClear.cpp">
      <Filter>ソース ファイル\player</Filter>
    </ClCompile>
    <ClCompile Include="enemy\KoopaStates.cpp">
      <Filter>ソース ファイル\enemy</Filter>
    </ClCompile>
    <ClCompile Include="enemy\KoopaFire.cpp">
      <Filter>ソース ファイル\enemy</Filter>
    </ClCompile>
    <ClCompile Include="common\FrameCounter.cpp">
      <Filter>ソース ファイル\common</Filter>
    </ClCompile>
    <ClCompile Include="common\font.cpp">
      <Filter>ソース ファイル\common</Filter>
    </ClCompile>
    <ClCompile Include="Game.cpp">
      <Filter>ソース ファイル</Filter>
    </ClCompile>
    <ClCompile Include="world\BossBridge.cpp">
      <Filter>ソース ファイル\world</Filter>
    </ClCompile>
  </ItemGroup>
  <ItemGroup>
    <ClInclude Include="resource.h">
      <Filter>ヘッダー ファイル</Filter>
    </ClInclude>
    <ClInclude Include="App.h">
      <Filter>ヘッダー ファイル</Filter>
    </ClInclude>
    <ClInclude Include="Texture.h">
      <Filter>ヘッダー ファイル</Filter>
    </ClInclude>
    <ClInclude Include="TextureManager.h">
      <Filter>ヘッダー ファイル</Filter>
    </ClInclude>
    <ClInclude Include="Game.h">
      <Filter>ヘッダー ファイル</Filter>
    </ClInclude>
    <ClInclude Include="Sprite.h">
      <Filter>ヘッダー ファイル</Filter>
    </ClInclude>
    <ClInclude Include="Rect.h">
      <Filter>ヘッダー ファイル</Filter>
    </ClInclude>
    <ClInclude Include="animation\Animation.h">
      <Filter>ヘッダー ファイル\animation</Filter>
    </ClInclude>
    <ClInclude Include="animation\AnimationController.h">
      <Filter>ヘッダー ファイル\animation</Filter>
    </ClInclude>
    <ClInclude Include="sound\audio.h">
      <Filter>ヘッダー ファイル\sound</Filter>
    </ClInclude>
    <ClInclude Include="sound\Channel.h">
      <Filter>ヘッダー ファイル\sound</Filter>
    </ClInclude>
    <ClInclude Include="sound\Wave.h">
      <Filter>ヘッダー ファイル\sound</Filter>
    </ClInclude>
    <ClInclude Include="sound\Sound.h">
      <Filter>ヘッダー ファイル\sound</Filter>
    </ClInclude>
    <ClInclude Include="sound\Music.h">
      <Filter>ヘッダー ファイル\sound</Filter>
    </ClInclude>
    <ClInclude Include="screen\TpScreen.h">
      <Filter>ヘッダー ファイル\screen</Filter>
    </ClInclude>
    <ClInclude Include="screen\TitleScreen.h">
      <Filter>ヘッダー ファイル\screen</Filter>
    </ClInclude>
    <ClInclude Include="screen\MainScreen.h">
      <Filter>ヘッダー ファイル\screen</Filter>
    </ClInclude>
    <ClInclude Include="screen\GoodbyeOocfuuScreen.h">
      <Filter>ヘッダー ファイル\screen</Filter>
    </ClInclude>
    <ClInclude Include="enemy\Enemy.h">
      <Filter>ヘッダー ファイル\enemy</Filter>
    </ClInclude>
    <ClInclude Include="enemy\Kuribo.h">
      <Filter>ヘッダー ファイル\enemy</Filter>
    </ClInclude>
    <ClInclude Include="screen\HbdScreen.h">
      <Filter>ヘッダー ファイル\screen</Filter>
    </ClInclude>
    <ClInclude Include="screen\IntroScreen.h">
      <Filter>ヘッダー ファイル\screen</Filter>
    </ClInclude>
    <ClInclude Include="player\PlayerStateRun.h">
      <Filter>ヘッダー ファイル\player</Filter>
    </ClInclude>
    <ClInclude Include="player\PlayerStateJump.h">
      <Filter>ヘッダー ファイル\player</Filter>
    </ClInclude>
    <ClInclude Include="player\PlayerStateIdle.h">
      <Filter>ヘッダー ファイル\player</Filter>
    </ClInclude>
    <ClInclude Include="player\PlayerStateContext.h">
      <Filter>ヘッダー ファイル\player</Filter>
    </ClInclude>
    <ClInclude Include="player\PlayerState.h">
      <Filter>ヘッダー ファイル\player</Filter>
    </ClInclude>
    <ClInclude Include="player\Player.h">
      <Filter>ヘッダー ファイル\player</Filter>
    </ClInclude>
    <ClInclude Include="screen\Screen.h">
      <Filter>ヘッダー ファイル\screen</Filter>
    </ClInclude>
    <ClInclude Include="score\Voyager.h">
      <Filter>ヘッダー ファイル\score</Filter>
    </ClInclude>
    <ClInclude Include="score\TyphoonParade.h">
      <Filter>ヘッダー ファイル\score</Filter>
    </ClInclude>
    <ClInclude Include="score\score.h">
      <Filter>ヘッダー ファイル\score</Filter>
    </ClInclude>
    <ClInclude Include="score\HappyBirthdayToYou.h">
      <Filter>ヘッダー ファイル\score</Filter>
    </ClInclude>
    <ClInclude Include="player\PlayerStateDie.h">
      <Filter>ヘッダー ファイル\player</Filter>
    </ClInclude>
    <ClInclude Include="enemy\EnemyManager.h">
      <Filter>ヘッダー ファイル\enemy</Filter>
    </ClInclude>
    <ClInclude Include="player\PlayerStateGoal.h">
      <Filter>ヘッダー ファイル\player</Filter>
    </ClInclude>
    <ClInclude Include="enemy\Koopa.h">
      <Filter>ヘッダー ファイル\enemy</Filter>
    </ClInclude>
    <ClInclude Include="input\Keyboard.h">
      <Filter>ヘッダー ファイル\input</Filter>
    </ClInclude>
    <ClInclude Include="input\Mouse.h">
      <Filter>ヘッダー ファイル\input</Filter>
    </ClInclude>
    <ClInclude Include="world\Firework.h">
      <Filter>ヘッダー ファイル\world</Filter>
    </ClInclude>
    <ClInclude Include="world\Lift.h">
      <Filter>ヘッダー ファイル\world</Filter>
    </ClInclude>
    <ClInclude Include="world\Firebar.h">
      <Filter>ヘッダー ファイル\world</Filter>
    </ClInclude>
    <ClInclude Include="world\GimmickPart.h">
      <Filter>ヘッダー ファイル\world</Filter>
    </ClInclude>
    <ClInclude Include="enemy\Nokonoko.h">
      <Filter>ヘッダー ファイル\enemy</Filter>
    </ClInclude>
    <ClInclude Include="Collision.h">
      <Filter>ヘッダー ファイル</Filter>
    </ClInclude>
    <ClInclude Include="ScoreText.h">
      <Filter>ヘッダー ファイル</Filter>
    </ClInclude>
    <ClInclude Include="GameTimer.h">
      <Filter>ヘッダー ファイル</Filter>
    </ClInclude>
    <ClInclude Include="world\Course.h">
      <Filter>ヘッダー ファイル\world</Filter>
    </ClInclude>
    <ClInclude Include="world\Part.h">
      <Filter>ヘッダー ファイル\world</Filter>
    </ClInclude>
    <ClInclude Include="player\PlayerStateClear.h">
      <Filter>ヘッダー ファイル\player</Filter>
    </ClInclude>
    <ClInclude Include="enemy\KoopaStates.h">
      <Filter>ヘッダー ファイル\enemy</Filter>
    </ClInclude>
    <ClInclude Include="enemy\KoopaFire.h">
      <Filter>ヘッダー ファイル\enemy</Filter>
    </ClInclude>
    <ClInclude Include="common\State.h">
      <Filter>ヘッダー ファイル\common</Filter>
    </ClInclude>
    <ClInclude Include="common\StateMachine.h">
      <Filter>ヘッダー ファイル\common</Filter>
    </ClInclude>
    <ClInclude Include="common\FrameCounter.h">
      <Filter>ヘッダー ファイル\common</Filter>
    </ClInclude>
    <ClInclude Include="common\font.h">
      <Filter>ヘッダー ファイル\common</Filter>
    </ClInclude>
    <ClInclude Include="world\BossBridge.h">
      <Filter>ヘッダー ファイル\world</Filter>
    </ClInclude>
  </ItemGroup>
  <ItemGroup>
    <Image Include="oocfuu.ico">
      <Filter>リソース ファイル</Filter>
    </Image>
  </ItemGroup>
  <ItemGroup>
    <ResourceCompile Include="Resource.rc">
      <Filter>リソース ファイル</Filter>
    </ResourceCompile>
  </ItemGroup>
</Project>